{
  "buildHash": "2ef120cb630f43b069d2088a97385a37",
  "jsApi": {
    "apiInstances": [],
    "apiAliases": {},
    "apiInterfaces": {},
    "apiNames": {},
    "apiTypes": {}
  },
  "llvmApi": {
    "apiInstances": [],
    "apiAliases": {},
    "apiInterfaces": {},
    "apiNames": {},
    "apiTypes": {}
  },
  "versionHash": "25e64aa754c310d45c1e084d574c1bb0"
}
